
Microsoft Visual Studio Solution File, Format Version 12.00
# Visual Studio Version 16
VisualStudioVersion = 16.0.29519.87
MinimumVisualStudioVersion = 10.0.40219.1
Project("{9A19103F-16F7-4668-BE54-9A1E7A4F7556}") = "TodoListApi", "TodoListApi\TodoListApi.csproj", "{8204814B-8A85-48E5-9690-C0748234E9C5}"
EndProject
Project("{9A19103F-16F7-4668-BE54-9A1E7A4F7556}") = "TodoModel", "TodoModel\TodoModel.csproj", "{493E948B-8DA0-4FF8-BB5B-BB84DE02EAAD}"
EndProject
Project("{9A19103F-16F7-4668-BE54-9A1E7A4F7556}") = "TodoApp", "TodoApp\TodoApp.csproj", "{63ECBD91-65E2-4156-8DEC-FE3CA642FEAE}"
EndProject
Project("{00D1A9C2-B5F0-4AF3-8072-F6C62B433612}") = "TodoDb", "TodoDb\TodoDb.sqlproj", "{969B669B-E17A-479E-A29B-C1B5F3365D26}"
EndProject
Global
	GlobalSection(SolutionConfigurationPlatforms) = preSolution
		Debug|Any CPU = Debug|Any CPU
		Release|Any CPU = Release|Any CPU
	EndGlobalSection
	GlobalSection(ProjectConfigurationPlatforms) = postSolution
		{8204814B-8A85-48E5-9690-C0748234E9C5}.Debug|Any CPU.ActiveCfg = Debug|Any CPU
		{8204814B-8A85-48E5-9690-C0748234E9C5}.Debug|Any CPU.Build.0 = Debug|Any CPU
		{8204814B-8A85-48E5-9690-C0748234E9C5}.Release|Any CPU.ActiveCfg = Release|Any CPU
		{8204814B-8A85-48E5-9690-C0748234E9C5}.Release|Any CPU.Build.0 = Release|Any CPU
		{493E948B-8DA0-4FF8-BB5B-BB84DE02EAAD}.Debug|Any CPU.ActiveCfg = Debug|Any CPU
		{493E948B-8DA0-4FF8-BB5B-BB84DE02EAAD}.Debug|Any CPU.Build.0 = Debug|Any CPU
		{493E948B-8DA0-4FF8-BB5B-BB84DE02EAAD}.Release|Any CPU.ActiveCfg = Release|Any CPU
		{493E948B-8DA0-4FF8-BB5B-BB84DE02EAAD}.Release|Any CPU.Build.0 = Release|Any CPU
		{63ECBD91-65E2-4156-8DEC-FE3CA642FEAE}.Debug|Any CPU.ActiveCfg = Debug|Any CPU
		{63ECBD91-65E2-4156-8DEC-FE3CA642FEAE}.Debug|Any CPU.Build.0 = Debug|Any CPU
		{63ECBD91-65E2-4156-8DEC-FE3CA642FEAE}.Release|Any CPU.ActiveCfg = Release|Any CPU
		{63ECBD91-65E2-4156-8DEC-FE3CA642FEAE}.Release|Any CPU.Build.0 = Release|Any CPU
		{969B669B-E17A-479E-A29B-C1B5F3365D26}.Debug|Any CPU.ActiveCfg = Debug|Any CPU
		{969B669B-E17A-479E-A29B-C1B5F3365D26}.Debug|Any CPU.Build.0 = Debug|Any CPU
		{969B669B-E17A-479E-A29B-C1B5F3365D26}.Debug|Any CPU.Deploy.0 = Debug|Any CPU
		{969B669B-E17A-479E-A29B-C1B5F3365D26}.Release|Any CPU.ActiveCfg = Release|Any CPU
		{969B669B-E17A-479E-A29B-C1B5F3365D26}.Release|Any CPU.Build.0 = Release|Any CPU
		{969B669B-E17A-479E-A29B-C1B5F3365D26}.Release|Any CPU.Deploy.0 = Release|Any CPU
	EndGlobalSection
	GlobalSection(SolutionProperties) = preSolution
		HideSolutionNode = FALSE
	EndGlobalSection
	GlobalSection(ExtensibilityGlobals) = postSolution
		SolutionGuid = {A92E44B1-D1AB-4531-AB61-B04BE6E922A6}
	EndGlobalSection
EndGlobal
